dependencies:
- name: frontend
  repository: file://subcharts/frontend
  version: 0.1.0
- name: api
  repository: file://subcharts/api
  version: 0.1.0
- name: workers
  repository: file://subcharts/workers
  version: 0.1.0
- name: postgresql
  repository: https://charts.bitnami.com/bitnami
  version: 18.5.24
- name: redis
  repository: https://charts.bitnami.com/bitnami
  version: 25.3.11
- name: qdrant
  repository: https://qdrant.github.io/qdrant-helm
  version: 1.17.1
- name: airflow
  repository: https://airflow.apache.org
  version: 1.20.0
digest: sha256:b342b51500c9e30cfbccf3f206c468d42da590af82d3f30e5756f598296a245c
generated: "2026-04-19T22:22:58.420285+09:00"
